
Microsoft Visual Studio Solution File, Format Version 12.00
# Visual Studio Version 17
VisualStudioVersion = 17.9.34511.98
MinimumVisualStudioVersion = 10.0.40219.1
Project("{FAE04EC0-301F-11D3-BF4B-00C04F79EFBC}") = "my-service-bus-queue-receiver", "my-service-bus-queue-receiver.csproj", "{DCA8B13A-7117-4261-934F-3C21D5FAFA76}"
EndProject
Global
	GlobalSection(SolutionConfigurationPlatforms) = preSolution
		Debug|Any CPU = Debug|Any CPU
		Release|Any CPU = Release|Any CPU
	EndGlobalSection
	GlobalSection(ProjectConfigurationPlatforms) = postSolution
		{DCA8B13A-7117-4261-934F-3C21D5FAFA76}.Debug|Any CPU.ActiveCfg = Debug|Any CPU
		{DCA8B13A-7117-4261-934F-3C21D5FAFA76}.Debug|Any CPU.Build.0 = Debug|Any CPU
		{DCA8B13A-7117-4261-934F-3C21D5FAFA76}.Release|Any CPU.ActiveCfg = Release|Any CPU
		{DCA8B13A-7117-4261-934F-3C21D5FAFA76}.Release|Any CPU.Build.0 = Release|Any CPU
	EndGlobalSection
	GlobalSection(SolutionProperties) = preSolution
		HideSolutionNode = FALSE
	EndGlobalSection
	GlobalSection(ExtensibilityGlobals) = postSolution
		SolutionGuid = {1CC356FA-1B61-4FDE-9C8E-F9DD672396F1}
	EndGlobalSection
EndGlobal
